
Microsoft Visual Studio Solution File, Format Version 12.00
# Visual Studio 15
VisualStudioVersion = 15.0.26730.15
MinimumVisualStudioVersion = 10.0.40219.1
Project("{9092AA53-FB77-4645-B42D-1CCCA6BD08BD}") = "THS", "THS\THS.njsproj", "{1056CBBC-D796-4084-A2E9-4DA7F2D226EA}"
EndProject
Global
	GlobalSection(SolutionConfigurationPlatforms) = preSolution
		Debug|Any CPU = Debug|Any CPU
		Release|Any CPU = Release|Any CPU
	EndGlobalSection
	GlobalSection(ProjectConfigurationPlatforms) = postSolution
		{1056CBBC-D796-4084-A2E9-4DA7F2D226EA}.Debug|Any CPU.ActiveCfg = Debug|Any CPU
		{1056CBBC-D796-4084-A2E9-4DA7F2D226EA}.Debug|Any CPU.Build.0 = Debug|Any CPU
		{1056CBBC-D796-4084-A2E9-4DA7F2D226EA}.Release|Any CPU.ActiveCfg = Release|Any CPU
		{1056CBBC-D796-4084-A2E9-4DA7F2D226EA}.Release|Any CPU.Build.0 = Release|Any CPU
	EndGlobalSection
	GlobalSection(SolutionProperties) = preSolution
		HideSolutionNode = FALSE
	EndGlobalSection
	GlobalSection(ExtensibilityGlobals) = postSolution
		SolutionGuid = {7621AAE2-9FC2-4C17-9A83-0126C77F92F5}
	EndGlobalSection
EndGlobal
